PODS:
  - ActionSheetPicker-3.0 (2.3.0)
  - Alamofire (4.7.2)
  - AlamofireJsonToObjects (2.4.1):
    - Alamofire
    - EVReflection
  - BEMCheckBox (1.4.1)
  - DatePickerDialog (2.0)
  - DLRadioButton (1.4.12)
  - DropDown (2.3.2)
  - DynamicBlurView (2.0.2)
  - EVReflection (5.6.1):
    - EVReflection/Core (= 5.6.1)
  - EVReflection/Core (5.6.1)
  - Firebase/Core (4.13.0):
    - FirebaseAnalytics (= 4.2.0)
    - FirebaseCore (= 4.0.20)
  - Firebase/Messaging (4.13.0):
    - Firebase/Core
    - FirebaseMessaging (= 2.2.0)
  - FirebaseAnalytics (4.2.0):
    - FirebaseCore (~> 4.0)
    - FirebaseInstanceID (~> 2.0)
    - "GoogleToolboxForMac/NSData+zlib (~> 2.1)"
    - nanopb (~> 0.3)
  - FirebaseCore (4.0.20):
    - "GoogleToolboxForMac/NSData+zlib (~> 2.1)"
  - FirebaseInstanceID (2.0.10):
    - FirebaseCore (~> 4.0)
  - FirebaseMessaging (2.2.0):
    - FirebaseAnalytics (~> 4.1)
    - FirebaseCore (~> 4.0)
    - FirebaseInstanceID (~> 2.0)
    - GoogleToolboxForMac/Logger (~> 2.1)
    - Protobuf (~> 3.5)
  - Floaty (4.0.1)
  - GoogleToolboxForMac/Defines (2.1.4)
  - GoogleToolboxForMac/Logger (2.1.4):
    - GoogleToolboxForMac/Defines (= 2.1.4)
  - "GoogleToolboxForMac/NSData+zlib (2.1.4)":
    - GoogleToolboxForMac/Defines (= 2.1.4)
  - IQKeyboardManagerSwift (6.0.2)
  - MGSwipeTableCell (1.6.7)
  - nanopb (0.3.8):
    - nanopb/decode (= 0.3.8)
    - nanopb/encode (= 0.3.8)
  - nanopb/decode (0.3.8)
  - nanopb/encode (0.3.8)
  - PopupDialog (0.7.1):
    - DynamicBlurView (~> 2.0)
  - Protobuf (3.5.0)
  - RAMAnimatedTabBarController (3.1.0)
  - SkyFloatingLabelTextField (3.4.1)
  - SQLite.swift (0.11.5):
    - SQLite.swift/standard (= 0.11.5)
  - SQLite.swift/standard (0.11.5)
  - SwiftChart (1.0.1)

DEPENDENCIES:
  - ActionSheetPicker-3.0
  - Alamofire (~> 4.5)
  - AlamofireJsonToObjects
  - BEMCheckBox
  - DatePickerDialog
  - DLRadioButton (~> 1.4)
  - DropDown
  - Firebase/Core
  - Firebase/Messaging
  - Floaty (~> 4.0.0)
  - IQKeyboardManagerSwift
  - MGSwipeTableCell
  - PopupDialog (~> 0.6)
  - RAMAnimatedTabBarController
  - SkyFloatingLabelTextField (~> 3.0)
  - SQLite.swift (~> 0.11.4)
  - SwiftChart

SPEC REPOS:
  https://github.com/CocoaPods/Specs.git:
    - ActionSheetPicker-3.0
    - Alamofire
    - AlamofireJsonToObjects
    - BEMCheckBox
    - DatePickerDialog
    - DLRadioButton
    - DropDown
    - DynamicBlurView
    - EVReflection
    - Firebase
    - FirebaseAnalytics
    - FirebaseCore
    - FirebaseInstanceID
    - FirebaseMessaging
    - Floaty
    - GoogleToolboxForMac
    - IQKeyboardManagerSwift
    - MGSwipeTableCell
    - nanopb
    - PopupDialog
    - Protobuf
    - RAMAnimatedTabBarController
    - SkyFloatingLabelTextField
    - SQLite.swift
    - SwiftChart

SPEC CHECKSUMS:
  ActionSheetPicker-3.0: eef157d75e151f255c5333d26656c7fbfe905a51
  Alamofire: e4fa87002c137ba2d8d634d2c51fabcda0d5c223
  AlamofireJsonToObjects: 2f652417f69ca86f229b704cdd00370bb892af45
  BEMCheckBox: 5ba6e37ade3d3657b36caecc35c8b75c6c2b1a4e
  DatePickerDialog: 5e1c24d9fe6506cd45dbc573eed7b0a251b1c09d
  DLRadioButton: d7c4e225ed0e8013cef7be61455230c7557ad7c1
  DropDown: 7f87abecc28f9b4edad810fe1211c5c018c257e5
  DynamicBlurView: aa6db4defc6e537eb86fc5e58dd3991666178399
  EVReflection: d05ebbafc851b7a4cd3d625182662463a5819ab8
  Firebase: 5ec5e863d269d82d66b4bf56856726f8fb8f0fb3
  FirebaseAnalytics: 7ef69e76a5142f643aeb47c780e1cdce4e23632e
  FirebaseCore: 90cb1c53d69b556f112a1bf72b5fcfaad7650790
  FirebaseInstanceID: 8d20d890d65c917f9f7d9950b6e10a760ad34321
  FirebaseMessaging: 75cdb862e86c30e0913a2ff307e48d49357c5b73
  Floaty: 82854e1a5ef4fa208281ebd4da2f3d1e51ba67a6
  GoogleToolboxForMac: 91c824d21e85b31c2aae9bb011c5027c9b4e738f
  IQKeyboardManagerSwift: 59d4b0e140bc546c3c76ae5bb35b3dafd10b8172
  MGSwipeTableCell: fb20e983988bde2b8d0df29c2d9e1d8ffd10b74a
  nanopb: 5601e6bca2dbf1ed831b519092ec110f66982ca3
  PopupDialog: 39598b7d41719f5c025b4b70e62728bae7734fef
  Protobuf: 8a9838fba8dae3389230e1b7f8c104aa32389c03
  RAMAnimatedTabBarController: 3c40472db54eda74d465583f8c7f571b206c54d6
  SkyFloatingLabelTextField: 8085f20f57f74a00cfcae58099299faa1a971035
  SQLite.swift: 6e5356850bb1791459f8c16d6ee9195b28714a2e
  SwiftChart: ba767a678d568a5ee22d419e146a0582865e1aff

PODFILE CHECKSUM: 0521ba3edb1b27d46db3333762bbe8d1df07f967

COCOAPODS: 1.5.0
